
Microsoft Visual Studio Solution File, Format Version 12.00
# Visual Studio Version 16
VisualStudioVersion = 16.0.30225.117
MinimumVisualStudioVersion = 15.0.26124.0
Project("{9A19103F-16F7-4668-BE54-9A1E7A4F7556}") = "Chris.IdentityServer", "IdentityServer\Chris.IdentityServer.csproj", "{B357F943-C66E-4CDD-BC97-C1B873E17112}"
EndProject
Project("{9A19103F-16F7-4668-BE54-9A1E7A4F7556}") = "Chris.Api", "Api\Chris.Api.csproj", "{34E9B147-0FF3-4156-9C54-B161FBA80EF1}"
EndProject
Project("{9A19103F-16F7-4668-BE54-9A1E7A4F7556}") = "Chris.Client", "Client\Chris.Client.csproj", "{CE2CF58A-82B2-4F08-80EB-D0AEC63E1222}"
EndProject
Global
	GlobalSection(SolutionConfigurationPlatforms) = preSolution
		Debug|Any CPU = Debug|Any CPU
		Debug|x64 = Debug|x64
		Debug|x86 = Debug|x86
		Release|Any CPU = Release|Any CPU
		Release|x64 = Release|x64
		Release|x86 = Release|x86
	EndGlobalSection
	GlobalSection(ProjectConfigurationPlatforms) = postSolution
		{B357F943-C66E-4CDD-BC97-C1B873E17112}.Debug|Any CPU.ActiveCfg = Debug|Any CPU
		{B357F943-C66E-4CDD-BC97-C1B873E17112}.Debug|Any CPU.Build.0 = Debug|Any CPU
		{B357F943-C66E-4CDD-BC97-C1B873E17112}.Debug|x64.ActiveCfg = Debug|Any CPU
		{B357F943-C66E-4CDD-BC97-C1B873E17112}.Debug|x64.Build.0 = Debug|Any CPU
		{B357F943-C66E-4CDD-BC97-C1B873E17112}.Debug|x86.ActiveCfg = Debug|Any CPU
		{B357F943-C66E-4CDD-BC97-C1B873E17112}.Debug|x86.Build.0 = Debug|Any CPU
		{B357F943-C66E-4CDD-BC97-C1B873E17112}.Release|Any CPU.ActiveCfg = Release|Any CPU
		{B357F943-C66E-4CDD-BC97-C1B873E17112}.Release|Any CPU.Build.0 = Release|Any CPU
		{B357F943-C66E-4CDD-BC97-C1B873E17112}.Release|x64.ActiveCfg = Release|Any CPU
		{B357F943-C66E-4CDD-BC97-C1B873E17112}.Release|x64.Build.0 = Release|Any CPU
		{B357F943-C66E-4CDD-BC97-C1B873E17112}.Release|x86.ActiveCfg = Release|Any CPU
		{B357F943-C66E-4CDD-BC97-C1B873E17112}.Release|x86.Build.0 = Release|Any CPU
		{34E9B147-0FF3-4156-9C54-B161FBA80EF1}.Debug|Any CPU.ActiveCfg = Debug|Any CPU
		{34E9B147-0FF3-4156-9C54-B161FBA80EF1}.Debug|Any CPU.Build.0 = Debug|Any CPU
		{34E9B147-0FF3-4156-9C54-B161FBA80EF1}.Debug|x64.ActiveCfg = Debug|Any CPU
		{34E9B147-0FF3-4156-9C54-B161FBA80EF1}.Debug|x64.Build.0 = Debug|Any CPU
		{34E9B147-0FF3-4156-9C54-B161FBA80EF1}.Debug|x86.ActiveCfg = Debug|Any CPU
		{34E9B147-0FF3-4156-9C54-B161FBA80EF1}.Debug|x86.Build.0 = Debug|Any CPU
		{34E9B147-0FF3-4156-9C54-B161FBA80EF1}.Release|Any CPU.ActiveCfg = Release|Any CPU
		{34E9B147-0FF3-4156-9C54-B161FBA80EF1}.Release|Any CPU.Build.0 = Release|Any CPU
		{34E9B147-0FF3-4156-9C54-B161FBA80EF1}.Release|x64.ActiveCfg = Release|Any CPU
		{34E9B147-0FF3-4156-9C54-B161FBA80EF1}.Release|x64.Build.0 = Release|Any CPU
		{34E9B147-0FF3-4156-9C54-B161FBA80EF1}.Release|x86.ActiveCfg = Release|Any CPU
		{34E9B147-0FF3-4156-9C54-B161FBA80EF1}.Release|x86.Build.0 = Release|Any CPU
		{CE2CF58A-82B2-4F08-80EB-D0AEC63E1222}.Debug|Any CPU.ActiveCfg = Debug|Any CPU
		{CE2CF58A-82B2-4F08-80EB-D0AEC63E1222}.Debug|Any CPU.Build.0 = Debug|Any CPU
		{CE2CF58A-82B2-4F08-80EB-D0AEC63E1222}.Debug|x64.ActiveCfg = Debug|Any CPU
		{CE2CF58A-82B2-4F08-80EB-D0AEC63E1222}.Debug|x64.Build.0 = Debug|Any CPU
		{CE2CF58A-82B2-4F08-80EB-D0AEC63E1222}.Debug|x86.ActiveCfg = Debug|Any CPU
		{CE2CF58A-82B2-4F08-80EB-D0AEC63E1222}.Debug|x86.Build.0 = Debug|Any CPU
		{CE2CF58A-82B2-4F08-80EB-D0AEC63E1222}.Release|Any CPU.ActiveCfg = Release|Any CPU
		{CE2CF58A-82B2-4F08-80EB-D0AEC63E1222}.Release|Any CPU.Build.0 = Release|Any CPU
		{CE2CF58A-82B2-4F08-80EB-D0AEC63E1222}.Release|x64.ActiveCfg = Release|Any CPU
		{CE2CF58A-82B2-4F08-80EB-D0AEC63E1222}.Release|x64.Build.0 = Release|Any CPU
		{CE2CF58A-82B2-4F08-80EB-D0AEC63E1222}.Release|x86.ActiveCfg = Release|Any CPU
		{CE2CF58A-82B2-4F08-80EB-D0AEC63E1222}.Release|x86.Build.0 = Release|Any CPU
	EndGlobalSection
	GlobalSection(SolutionProperties) = preSolution
		HideSolutionNode = FALSE
	EndGlobalSection
	GlobalSection(ExtensibilityGlobals) = postSolution
		SolutionGuid = {08843D1C-E088-4AE7-8BE4-A0562B33A586}
	EndGlobalSection
EndGlobal
